
Microsoft Visual Studio Solution File, Format Version 12.00
Project("{2150E333-8FDC-42A3-9474-1A3956D46DE8}") = "src", "src", "{953E2BA7-4A91-49D8-90FF-59CCCC3ED272}"
EndProject
Project("{2150E333-8FDC-42A3-9474-1A3956D46DE8}") = "test", "test", "{D9B47F2A-C04F-4A96-BFBC-442DC48E5F39}"
EndProject
Project("{2150E333-8FDC-42A3-9474-1A3956D46DE8}") = "Api", "Api", "{246834D5-E51C-40C6-95BC-3D45D0E5A56A}"
EndProject
Project("{2150E333-8FDC-42A3-9474-1A3956D46DE8}") = "Infrastructure", "Infrastructure", "{00FFC7FD-E565-4DF6-BEA3-00E86A6E82B9}"
EndProject
Project("{2150E333-8FDC-42A3-9474-1A3956D46DE8}") = "Core", "Core", "{6039DCE7-A060-4930-919D-B42D2A3D86CE}"
EndProject
Project("{2150E333-8FDC-42A3-9474-1A3956D46DE8}") = "UI", "UI", "{3F1F96EC-6C30-4BE5-9ED1-B06BB5A3F4EC}"
EndProject
Project("{FAE04EC0-301F-11D3-BF4B-00C04F79EFBC}") = "HR.LeaveManagement.Domain", "src\Core\HR.LeaveManagement.Domain\HR.LeaveManagement.Domain.csproj", "{1E6CE722-CD6F-4D29-AEA8-FB224D0B5A4C}"
EndProject
Project("{FAE04EC0-301F-11D3-BF4B-00C04F79EFBC}") = "HR.LeaveManagement.Application", "src\Core\HR.LeaveManagement.Application\HR.LeaveManagement.Application.csproj", "{803EBF3A-67E5-4599-8DF8-6CBD32C01D15}"
EndProject
Project("{FAE04EC0-301F-11D3-BF4B-00C04F79EFBC}") = "HR.LeaveManagement.Persistence", "src\Infrastructure\HR.LeaveManagement.Persistence\HR.LeaveManagement.Persistence.csproj", "{81A5EDC4-16D3-40F8-80AE-D990CF893AD6}"
EndProject
Project("{FAE04EC0-301F-11D3-BF4B-00C04F79EFBC}") = "HR.LeaveManagement.Infrastructure", "src\Infrastructure\HR.LeaveManagement.Infrastructure\HR.LeaveManagement.Infrastructure.csproj", "{964A848A-55E5-4455-AFAD-F7780B2E0CCA}"
EndProject
Project("{FAE04EC0-301F-11D3-BF4B-00C04F79EFBC}") = "HR.LeaveManagement.Api", "src\Api\HR.LeaveManagement.Api\HR.LeaveManagement.Api.csproj", "{71781FD4-F52C-4563-81A4-0AEA73D99A24}"
EndProject
Global
	GlobalSection(SolutionConfigurationPlatforms) = preSolution
		Debug|Any CPU = Debug|Any CPU
		Release|Any CPU = Release|Any CPU
	EndGlobalSection
	GlobalSection(NestedProjects) = preSolution
		{246834D5-E51C-40C6-95BC-3D45D0E5A56A} = {953E2BA7-4A91-49D8-90FF-59CCCC3ED272}
		{00FFC7FD-E565-4DF6-BEA3-00E86A6E82B9} = {953E2BA7-4A91-49D8-90FF-59CCCC3ED272}
		{6039DCE7-A060-4930-919D-B42D2A3D86CE} = {953E2BA7-4A91-49D8-90FF-59CCCC3ED272}
		{3F1F96EC-6C30-4BE5-9ED1-B06BB5A3F4EC} = {953E2BA7-4A91-49D8-90FF-59CCCC3ED272}
		{1E6CE722-CD6F-4D29-AEA8-FB224D0B5A4C} = {6039DCE7-A060-4930-919D-B42D2A3D86CE}
		{803EBF3A-67E5-4599-8DF8-6CBD32C01D15} = {6039DCE7-A060-4930-919D-B42D2A3D86CE}
		{81A5EDC4-16D3-40F8-80AE-D990CF893AD6} = {00FFC7FD-E565-4DF6-BEA3-00E86A6E82B9}
		{964A848A-55E5-4455-AFAD-F7780B2E0CCA} = {00FFC7FD-E565-4DF6-BEA3-00E86A6E82B9}
		{71781FD4-F52C-4563-81A4-0AEA73D99A24} = {246834D5-E51C-40C6-95BC-3D45D0E5A56A}
	EndGlobalSection
	GlobalSection(ProjectConfigurationPlatforms) = postSolution
		{1E6CE722-CD6F-4D29-AEA8-FB224D0B5A4C}.Debug|Any CPU.ActiveCfg = Debug|Any CPU
		{1E6CE722-CD6F-4D29-AEA8-FB224D0B5A4C}.Debug|Any CPU.Build.0 = Debug|Any CPU
		{1E6CE722-CD6F-4D29-AEA8-FB224D0B5A4C}.Release|Any CPU.ActiveCfg = Release|Any CPU
		{1E6CE722-CD6F-4D29-AEA8-FB224D0B5A4C}.Release|Any CPU.Build.0 = Release|Any CPU
		{803EBF3A-67E5-4599-8DF8-6CBD32C01D15}.Debug|Any CPU.ActiveCfg = Debug|Any CPU
		{803EBF3A-67E5-4599-8DF8-6CBD32C01D15}.Debug|Any CPU.Build.0 = Debug|Any CPU
		{803EBF3A-67E5-4599-8DF8-6CBD32C01D15}.Release|Any CPU.ActiveCfg = Release|Any CPU
		{803EBF3A-67E5-4599-8DF8-6CBD32C01D15}.Release|Any CPU.Build.0 = Release|Any CPU
		{81A5EDC4-16D3-40F8-80AE-D990CF893AD6}.Debug|Any CPU.ActiveCfg = Debug|Any CPU
		{81A5EDC4-16D3-40F8-80AE-D990CF893AD6}.Debug|Any CPU.Build.0 = Debug|Any CPU
		{81A5EDC4-16D3-40F8-80AE-D990CF893AD6}.Release|Any CPU.ActiveCfg = Release|Any CPU
		{81A5EDC4-16D3-40F8-80AE-D990CF893AD6}.Release|Any CPU.Build.0 = Release|Any CPU
		{964A848A-55E5-4455-AFAD-F7780B2E0CCA}.Debug|Any CPU.ActiveCfg = Debug|Any CPU
		{964A848A-55E5-4455-AFAD-F7780B2E0CCA}.Debug|Any CPU.Build.0 = Debug|Any CPU
		{964A848A-55E5-4455-AFAD-F7780B2E0CCA}.Release|Any CPU.ActiveCfg = Release|Any CPU
		{964A848A-55E5-4455-AFAD-F7780B2E0CCA}.Release|Any CPU.Build.0 = Release|Any CPU
		{71781FD4-F52C-4563-81A4-0AEA73D99A24}.Debug|Any CPU.ActiveCfg = Debug|Any CPU
		{71781FD4-F52C-4563-81A4-0AEA73D99A24}.Debug|Any CPU.Build.0 = Debug|Any CPU
		{71781FD4-F52C-4563-81A4-0AEA73D99A24}.Release|Any CPU.ActiveCfg = Release|Any CPU
		{71781FD4-F52C-4563-81A4-0AEA73D99A24}.Release|Any CPU.Build.0 = Release|Any CPU
	EndGlobalSection
EndGlobal
